// !$*UTF8*$!
{
	archiveVersion = 1;
	classes = {
	};
	objectVersion = 56;
	objects = {

/* Begin PBXBuildFile section */
		3C80AAF1292A222300BED656 /* AppDelegate.swift in Sources */ = {isa = PBXBuildFile; fileRef = 3C80AAF0292A222300BED656 /* AppDelegate.swift */; };
		3C80AAF3292A222300BED656 /* SceneDelegate.swift in Sources */ = {isa = PBXBuildFile; fileRef = 3C80AAF2292A222300BED656 /* SceneDelegate.swift */; };
		3C80AAF5292A222300BED656 /* OnboardingViewController.swift in Sources */ = {isa = PBXBuildFile; fileRef = 3C80AAF4292A222300BED656 /* OnboardingViewController.swift */; };
		3C80AAF8292A222300BED656 /* Main.storyboard in Resources */ = {isa = PBXBuildFile; fileRef = 3C80AAF6292A222300BED656 /* Main.storyboard */; };
		3C80AAFA292A222400BED656 /* Assets.xcassets in Resources */ = {isa = PBXBuildFile; fileRef = 3C80AAF9292A222400BED656 /* Assets.xcassets */; };
		3C80AAFD292A222400BED656 /* LaunchScreen.storyboard in Resources */ = {isa = PBXBuildFile; fileRef = 3C80AAFB292A222400BED656 /* LaunchScreen.storyboard */; };
		3C80AB05292A250000BED656 /* UnsupportedDevice.storyboard in Resources */ = {isa = PBXBuildFile; fileRef = 3C80AB04292A250000BED656 /* UnsupportedDevice.storyboard */; };
		3C80AB07292A275D00BED656 /* UserDefaultsWrapper.swift in Sources */ = {isa = PBXBuildFile; fileRef = 3C80AB06292A275D00BED656 /* UserDefaultsWrapper.swift */; };
		3C80AB0C292A31B700BED656 /* RoomScanner.storyboard in Resources */ = {isa = PBXBuildFile; fileRef = 3C80AB0B292A31B700BED656 /* RoomScanner.storyboard */; };
		3C80AB0E292A336F00BED656 /* RoomCaptureViewController.swift in Sources */ = {isa = PBXBuildFile; fileRef = 3C80AB0D292A336F00BED656 /* RoomCaptureViewController.swift */; };
/* End PBXBuildFile section */

/* Begin PBXFileReference section */
		3C80AAED292A222300BED656 /* RoomScanner.app */ = {isa = PBXFileReference; explicitFileType = wrapper.application; includeInIndex = 0; path = RoomScanner.app; sourceTree = BUILT_PRODUCTS_DIR; };
		3C80AAF0292A222300BED656 /* AppDelegate.swift */ = {isa = PBXFileReference; lastKnownFileType = sourcecode.swift; path = AppDelegate.swift; sourceTree = "<group>"; };
		3C80AAF2292A222300BED656 /* SceneDelegate.swift */ = {isa = PBXFileReference; lastKnownFileType = sourcecode.swift; path = SceneDelegate.swift; sourceTree = "<group>"; };
		3C80AAF4292A222300BED656 /* OnboardingViewController.swift */ = {isa = PBXFileReference; lastKnownFileType = sourcecode.swift; path = OnboardingViewController.swift; sourceTree = "<group>"; };
		3C80AAF7292A222300BED656 /* Base */ = {isa = PBXFileReference; lastKnownFileType = file.storyboard; name = Base; path = Base.lproj/Main.storyboard; sourceTree = "<group>"; };
		3C80AAF9292A222400BED656 /* Assets.xcassets */ = {isa = PBXFileReference; lastKnownFileType = folder.assetcatalog; path = Assets.xcassets; sourceTree = "<group>"; };
		3C80AAFC292A222400BED656 /* Base */ = {isa = PBXFileReference; lastKnownFileType = file.storyboard; name = Base; path = Base.lproj/LaunchScreen.storyboard; sourceTree = "<group>"; };
		3C80AAFE292A222400BED656 /* Info.plist */ = {isa = PBXFileReference; lastKnownFileType = text.plist.xml; path = Info.plist; sourceTree = "<group>"; };
		3C80AB04292A250000BED656 /* UnsupportedDevice.storyboard */ = {isa = PBXFileReference; fileEncoding = 4; lastKnownFileType = file.storyboard; path = UnsupportedDevice.storyboard; sourceTree = "<group>"; };
		3C80AB06292A275D00BED656 /* UserDefaultsWrapper.swift */ = {isa = PBXFileReference; lastKnownFileType = sourcecode.swift; path = UserDefaultsWrapper.swift; sourceTree = "<group>"; };
		3C80AB0B292A31B700BED656 /* RoomScanner.storyboard */ = {isa = PBXFileReference; lastKnownFileType = file.storyboard; path = RoomScanner.storyboard; sourceTree = "<group>"; };
		3C80AB0D292A336F00BED656 /* RoomCaptureViewController.swift */ = {isa = PBXFileReference; fileEncoding = 4; lastKnownFileType = sourcecode.swift; path = RoomCaptureViewController.swift; sourceTree = "<group>"; };
/* End PBXFileReference section */

/* Begin PBXFrameworksBuildPhase section */
		3C80AAEA292A222300BED656 /* Frameworks */ = {
			isa = PBXFrameworksBuildPhase;
			buildActionMask = 2147483647;
			files = (
			);
			runOnlyForDeploymentPostprocessing = 0;
		};
/* End PBXFrameworksBuildPhase section */

/* Begin PBXGroup section */
		3C80AAE4292A222300BED656 = {
			isa = PBXGroup;
			children = (
				3C80AAEF292A222300BED656 /* RoomScanner */,
				3C80AAEE292A222300BED656 /* Products */,
			);
			sourceTree = "<group>";
		};
		3C80AAEE292A222300BED656 /* Products */ = {
			isa = PBXGroup;
			children = (
				3C80AAED292A222300BED656 /* RoomScanner.app */,
			);
			name = Products;
			sourceTree = "<group>";
		};
		3C80AAEF292A222300BED656 /* RoomScanner */ = {
			isa = PBXGroup;
			children = (
				3C80AAF0292A222300BED656 /* AppDelegate.swift */,
				3C80AAF2292A222300BED656 /* SceneDelegate.swift */,
				3C80AAF4292A222300BED656 /* OnboardingViewController.swift */,
				3C80AB0D292A336F00BED656 /* RoomCaptureViewController.swift */,
				3C80AB0A292A2E2900BED656 /* Common */,
				3C80AAF6292A222300BED656 /* Main.storyboard */,
				3C80AAF9292A222400BED656 /* Assets.xcassets */,
				3C80AB04292A250000BED656 /* UnsupportedDevice.storyboard */,
				3C80AB0B292A31B700BED656 /* RoomScanner.storyboard */,
				3C80AAFB292A222400BED656 /* LaunchScreen.storyboard */,
				3C80AAFE292A222400BED656 /* Info.plist */,
			);
			path = RoomScanner;
			sourceTree = "<group>";
		};
		3C80AB0A292A2E2900BED656 /* Common */ = {
			isa = PBXGroup;
			children = (
				3C80AB06292A275D00BED656 /* UserDefaultsWrapper.swift */,
			);
			path = Common;
			sourceTree = "<group>";
		};
/* End PBXGroup section */

/* Begin PBXNativeTarget section */
		3C80AAEC292A222300BED656 /* RoomScanner */ = {
			isa = PBXNativeTarget;
			buildConfigurationList = 3C80AB01292A222400BED656 /* Build configuration list for PBXNativeTarget "RoomScanner" */;
			buildPhases = (
				3C80AAE9292A222300BED656 /* Sources */,
				3C80AAEA292A222300BED656 /* Frameworks */,
				3C80AAEB292A222300BED656 /* Resources */,
			);
			buildRules = (
			);
			dependencies = (
			);
			name = RoomScanner;
			productName = RoomScanner;
			productReference = 3C80AAED292A222300BED656 /* RoomScanner.app */;
			productType = "com.apple.product-type.application";
		};
/* End PBXNativeTarget section */

/* Begin PBXProject section */
		3C80AAE5292A222300BED656 /* Project object */ = {
			isa = PBXProject;
			attributes = {
				BuildIndependentTargetsInParallel = 1;
				LastSwiftUpdateCheck = 1410;
				LastUpgradeCheck = 1410;
				TargetAttributes = {
					3C80AAEC292A222300BED656 = {
						CreatedOnToolsVersion = 14.1;
					};
				};
			};
			buildConfigurationList = 3C80AAE8292A222300BED656 /* Build configuration list for PBXProject "RoomScanner" */;
			compatibilityVersion = "Xcode 14.0";
			developmentRegion = en;
			hasScannedForEncodings = 0;
			knownRegions = (
				en,
				Base,
			);
			mainGroup = 3C80AAE4292A222300BED656;
			productRefGroup = 3C80AAEE292A222300BED656 /* Products */;
			projectDirPath = "";
			projectRoot = "";
			targets = (
				3C80AAEC292A222300BED656 /* RoomScanner */,
			);
		};
/* End PBXProject section */

/* Begin PBXResourcesBuildPhase section */
		3C80AAEB292A222300BED656 /* Resources */ = {
			isa = PBXResourcesBuildPhase;
			buildActionMask = 2147483647;
			files = (
				3C80AB0C292A31B700BED656 /* RoomScanner.storyboard in Resources */,
				3C80AB05292A250000BED656 /* UnsupportedDevice.storyboard in Resources */,
				3C80AAFD292A222400BED656 /* LaunchScreen.storyboard in Resources */,
				3C80AAFA292A222400BED656 /* Assets.xcassets in Resources */,
				3C80AAF8292A222300BED656 /* Main.storyboard in Resources */,
			);
			runOnlyForDeploymentPostprocessing = 0;
		};
/* End PBXResourcesBuildPhase section */

/* Begin PBXSourcesBuildPhase section */
		3C80AAE9292A222300BED656 /* Sources */ = {
			isa = PBXSourcesBuildPhase;
			buildActionMask = 2147483647;
			files = (
				3C80AAF5292A222300BED656 /* OnboardingViewController.swift in Sources */,
				3C80AB07292A275D00BED656 /* UserDefaultsWrapper.swift in Sources */,
				3C80AAF1292A222300BED656 /* AppDelegate.swift in Sources */,
				3C80AAF3292A222300BED656 /* SceneDelegate.swift in Sources */,
				3C80AB0E292A336F00BED656 /* RoomCaptureViewController.swift in Sources */,
			);
			runOnlyForDeploymentPostprocessing = 0;
		};
/* End PBXSourcesBuildPhase section */

/* Begin PBXVariantGroup section */
		3C80AAF6292A222300BED656 /* Main.storyboard */ = {
			isa = PBXVariantGroup;
			children = (
				3C80AAF7292A222300BED656 /* Base */,
			);
			name = Main.storyboard;
			sourceTree = "<group>";
		};
		3C80AAFB292A222400BED656 /* LaunchScreen.storyboard */ = {
			isa = PBXVariantGroup;
			children = (
				3C80AAFC292A222400BED656 /* Base */,
			);
			name = LaunchScreen.storyboard;
			sourceTree = "<group>";
		};
/* End PBXVariantGroup section */

/* Begin XCBuildConfiguration section */
		3C80AAFF292A222400BED656 /* Debug */ = {
			isa = XCBuildConfiguration;
			buildSettings = {
				ALWAYS_SEARCH_USER_PATHS = NO;
				CLANG_ANALYZER_NONNULL = YES;
				CLANG_ANALYZER_NUMBER_OBJECT_CONVERSION = YES_AGGRESSIVE;
				CLANG_CXX_LANGUAGE_STANDARD = "gnu++20";
				CLANG_ENABLE_MODULES = YES;
				CLANG_ENABLE_OBJC_ARC = YES;
				CLANG_ENABLE_OBJC_WEAK = YES;
				CLANG_WARN_BLOCK_CAPTURE_AUTORELEASING = YES;
				CLANG_WARN_BOOL_CONVERSION = YES;
				CLANG_WARN_COMMA = YES;
				CLANG_WARN_CONSTANT_CONVERSION = YES;
				CLANG_WARN_DEPRECATED_OBJC_IMPLEMENTATIONS = YES;
				CLANG_WARN_DIRECT_OBJC_ISA_USAGE = YES_ERROR;
				CLANG_WARN_DOCUMENTATION_COMMENTS = YES;
				CLANG_WARN_EMPTY_BODY = YES;
				CLANG_WARN_ENUM_CONVERSION = YES;
				CLANG_WARN_INFINITE_RECURSION = YES;
				CLANG_WARN_INT_CONVERSION = YES;
				CLANG_WARN_NON_LITERAL_NULL_CONVERSION = YES;
				CLANG_WARN_OBJC_IMPLICIT_RETAIN_SELF = YES;
				CLANG_WARN_OBJC_LITERAL_CONVERSION = YES;
				CLANG_WARN_OBJC_ROOT_CLASS = YES_ERROR;
				CLANG_WARN_QUOTED_INCLUDE_IN_FRAMEWORK_HEADER = YES;
				CLANG_WARN_RANGE_LOOP_ANALYSIS = YES;
				CLANG_WARN_STRICT_PROTOTYPES = YES;
				CLANG_WARN_SUSPICIOUS_MOVE = YES;
				CLANG_WARN_UNGUARDED_AVAILABILITY = YES_AGGRESSIVE;
				CLANG_WARN_UNREACHABLE_CODE = YES;
				CLANG_WARN__DUPLICATE_METHOD_MATCH = YES;
				COPY_PHASE_STRIP = NO;
				DEBUG_INFORMATION_FORMAT = dwarf;
				ENABLE_STRICT_OBJC_MSGSEND = YES;
				ENABLE_TESTABILITY = YES;
				GCC_C_LANGUAGE_STANDARD = gnu11;
				GCC_DYNAMIC_NO_PIC = NO;
				GCC_NO_COMMON_BLOCKS = YES;
				GCC_OPTIMIZATION_LEVEL = 0;
				GCC_PREPROCESSOR_DEFINITIONS = (
					"DEBUG=1",
					"$(inherited)",
				);
				GCC_WARN_64_TO_32_BIT_CONVERSION = YES;
				GCC_WARN_ABOUT_RETURN_TYPE = YES_ERROR;
				GCC_WARN_UNDECLARED_SELECTOR = YES;
				GCC_WARN_UNINITIALIZED_AUTOS = YES_AGGRESSIVE;
				GCC_WARN_UNUSED_FUNCTION = YES;
				GCC_WARN_UNUSED_VARIABLE = YES;
				IPHONEOS_DEPLOYMENT_TARGET = 16.1;
				MTL_ENABLE_DEBUG_INFO = INCLUDE_SOURCE;
				MTL_FAST_MATH = YES;
				ONLY_ACTIVE_ARCH = YES;
				SDKROOT = iphoneos;
				SWIFT_ACTIVE_COMPILATION_CONDITIONS = DEBUG;
				SWIFT_OPTIMIZATION_LEVEL = "-Onone";
			};
			name = Debug;
		};
		3C80AB00292A222400BED656 /* Release */ = {
			isa = XCBuildConfiguration;
			buildSettings = {
				ALWAYS_SEARCH_USER_PATHS = NO;
				CLANG_ANALYZER_NONNULL = YES;
				CLANG_ANALYZER_NUMBER_OBJECT_CONVERSION = YES_AGGRESSIVE;
				CLANG_CXX_LANGUAGE_STANDARD = "gnu++20";
				CLANG_ENABLE_MODULES = YES;
				CLANG_ENABLE_OBJC_ARC = YES;
				CLANG_ENABLE_OBJC_WEAK = YES;
				CLANG_WARN_BLOCK_CAPTURE_AUTORELEASING = YES;
				CLANG_WARN_BOOL_CONVERSION = YES;
				CLANG_WARN_COMMA = YES;
				CLANG_WARN_CONSTANT_CONVERSION = YES;
				CLANG_WARN_DEPRECATED_OBJC_IMPLEMENTATIONS = YES;
				CLANG_WARN_DIRECT_OBJC_ISA_USAGE = YES_ERROR;
				CLANG_WARN_DOCUMENTATION_COMMENTS = YES;
				CLANG_WARN_EMPTY_BODY = YES;
				CLANG_WARN_ENUM_CONVERSION = YES;
				CLANG_WARN_INFINITE_RECURSION = YES;
				CLANG_WARN_INT_CONVERSION = YES;
				CLANG_WARN_NON_LITERAL_NULL_CONVERSION = YES;
				CLANG_WARN_OBJC_IMPLICIT_RETAIN_SELF = YES;
				CLANG_WARN_OBJC_LITERAL_CONVERSION = YES;
				CLANG_WARN_OBJC_ROOT_CLASS = YES_ERROR;
				CLANG_WARN_QUOTED_INCLUDE_IN_FRAMEWORK_HEADER = YES;
				CLANG_WARN_RANGE_LOOP_ANALYSIS = YES;
				CLANG_WARN_STRICT_PROTOTYPES = YES;
				CLANG_WARN_SUSPICIOUS_MOVE = YES;
				CLANG_WARN_UNGUARDED_AVAILABILITY = YES_AGGRESSIVE;
				CLANG_WARN_UNREACHABLE_CODE = YES;
				CLANG_WARN__DUPLICATE_METHOD_MATCH = YES;
				COPY_PHASE_STRIP = NO;
				DEBUG_INFORMATION_FORMAT = "dwarf-with-dsym";
				ENABLE_NS_ASSERTIONS = NO;
				ENABLE_STRICT_OBJC_MSGSEND = YES;
				GCC_C_LANGUAGE_STANDARD = gnu11;
				GCC_NO_COMMON_BLOCKS = YES;
				GCC_WARN_64_TO_32_BIT_CONVERSION = YES;
				GCC_WARN_ABOUT_RETURN_TYPE = YES_ERROR;
				GCC_WARN_UNDECLARED_SELECTOR = YES;
				GCC_WARN_UNINITIALIZED_AUTOS = YES_AGGRESSIVE;
				GCC_WARN_UNUSED_FUNCTION = YES;
				GCC_WARN_UNUSED_VARIABLE = YES;
				IPHONEOS_DEPLOYMENT_TARGET = 16.1;
				MTL_ENABLE_DEBUG_INFO = NO;
				MTL_FAST_MATH = YES;
				SDKROOT = iphoneos;
				SWIFT_COMPILATION_MODE = wholemodule;
				SWIFT_OPTIMIZATION_LEVEL = "-O";
				VALIDATE_PRODUCT = YES;
			};
			name = Release;
		};
		3C80AB02292A222400BED656 /* Debug */ = {
			isa = XCBuildConfiguration;
			buildSettings = {
				ASSETCATALOG_COMPILER_APPICON_NAME = AppIcon;
				ASSETCATALOG_COMPILER_GLOBAL_ACCENT_COLOR_NAME = AccentColor;
				CODE_SIGN_STYLE = Automatic;
				CURRENT_PROJECT_VERSION = 1;
				DEVELOPMENT_TEAM = PZWVB29HCE;
				GENERATE_INFOPLIST_FILE = YES;
				INFOPLIST_FILE = RoomScanner/Info.plist;
				INFOPLIST_KEY_UIApplicationSupportsIndirectInputEvents = YES;
				INFOPLIST_KEY_UILaunchStoryboardName = LaunchScreen;
				INFOPLIST_KEY_UIMainStoryboardFile = Main;
				INFOPLIST_KEY_UISupportedInterfaceOrientations_iPad = "UIInterfaceOrientationPortrait UIInterfaceOrientationPortraitUpsideDown UIInterfaceOrientationLandscapeLeft UIInterfaceOrientationLandscapeRight";
				INFOPLIST_KEY_UISupportedInterfaceOrientations_iPhone = "UIInterfaceOrientationPortrait UIInterfaceOrientationLandscapeLeft UIInterfaceOrientationLandscapeRight";
				LD_RUNPATH_SEARCH_PATHS = (
					"$(inherited)",
					"@executable_path/Frameworks",
				);
				MARKETING_VERSION = 1.0;
				PRODUCT_BUNDLE_IDENTIFIER = org.shemetov.RoomScanner;
				PRODUCT_NAME = "$(TARGET_NAME)";
				SWIFT_EMIT_LOC_STRINGS = YES;
				SWIFT_VERSION = 5.0;
				TARGETED_DEVICE_FAMILY = "1,2";
			};
			name = Debug;
		};
		3C80AB03292A222400BED656 /* Release */ = {
			isa = XCBuildConfiguration;
			buildSettings = {
				ASSETCATALOG_COMPILER_APPICON_NAME = AppIcon;
				ASSETCATALOG_COMPILER_GLOBAL_ACCENT_COLOR_NAME = AccentColor;
				CODE_SIGN_STYLE = Automatic;
				CURRENT_PROJECT_VERSION = 1;
				DEVELOPMENT_TEAM = PZWVB29HCE;
				GENERATE_INFOPLIST_FILE = YES;
				INFOPLIST_FILE = RoomScanner/Info.plist;
				INFOPLIST_KEY_UIApplicationSupportsIndirectInputEvents = YES;
				INFOPLIST_KEY_UILaunchStoryboardName = LaunchScreen;
				INFOPLIST_KEY_UIMainStoryboardFile = Main;
				INFOPLIST_KEY_UISupportedInterfaceOrientations_iPad = "UIInterfaceOrientationPortrait UIInterfaceOrientationPortraitUpsideDown UIInterfaceOrientationLandscapeLeft UIInterfaceOrientationLandscapeRight";
				INFOPLIST_KEY_UISupportedInterfaceOrientations_iPhone = "UIInterfaceOrientationPortrait UIInterfaceOrientationLandscapeLeft UIInterfaceOrientationLandscapeRight";
				LD_RUNPATH_SEARCH_PATHS = (
					"$(inherited)",
					"@executable_path/Frameworks",
				);
				MARKETING_VERSION = 1.0;
				PRODUCT_BUNDLE_IDENTIFIER = org.shemetov.RoomScanner;
				PRODUCT_NAME = "$(TARGET_NAME)";
				SWIFT_EMIT_LOC_STRINGS = YES;
				SWIFT_VERSION = 5.0;
				TARGETED_DEVICE_FAMILY = "1,2";
			};
			name = Release;
		};
/* End XCBuildConfiguration section */

/* Begin XCConfigurationList section */
		3C80AAE8292A222300BED656 /* Build configuration list for PBXProject "RoomScanner" */ = {
			isa = XCConfigurationList;
			buildConfigurations = (
				3C80AAFF292A222400BED656 /* Debug */,
				3C80AB00292A222400BED656 /* Release */,
			);
			defaultConfigurationIsVisible = 0;
			defaultConfigurationName = Release;
		};
		3C80AB01292A222400BED656 /* Build configuration list for PBXNativeTarget "RoomScanner" */ = {
			isa = XCConfigurationList;
			buildConfigurations = (
				3C80AB02292A222400BED656 /* Debug */,
				3C80AB03292A222400BED656 /* Release */,
			);
			defaultConfigurationIsVisible = 0;
			defaultConfigurationName = Release;
		};
/* End XCConfigurationList section */
	};
	rootObject = 3C80AAE5292A222300BED656 /* Project object */;
}
